
Microsoft Visual Studio Solution File, Format Version 12.00
# Visual Studio Version 17
VisualStudioVersion = 17.7.34018.315
MinimumVisualStudioVersion = 10.0.40219.1
Project("{FAE04EC0-301F-11D3-BF4B-00C04F79EFBC}") = "inlämningsuppgift 2.3", "inlämningsuppgift 2.3.csproj", "{55436893-7CFF-4774-AC7F-92FC0D6BE9EB}"
EndProject
Global
	GlobalSection(SolutionConfigurationPlatforms) = preSolution
		Debug|Any CPU = Debug|Any CPU
		Release|Any CPU = Release|Any CPU
	EndGlobalSection
	GlobalSection(ProjectConfigurationPlatforms) = postSolution
		{55436893-7CFF-4774-AC7F-92FC0D6BE9EB}.Debug|Any CPU.ActiveCfg = Debug|Any CPU
		{55436893-7CFF-4774-AC7F-92FC0D6BE9EB}.Debug|Any CPU.Build.0 = Debug|Any CPU
		{55436893-7CFF-4774-AC7F-92FC0D6BE9EB}.Release|Any CPU.ActiveCfg = Release|Any CPU
		{55436893-7CFF-4774-AC7F-92FC0D6BE9EB}.Release|Any CPU.Build.0 = Release|Any CPU
	EndGlobalSection
	GlobalSection(SolutionProperties) = preSolution
		HideSolutionNode = FALSE
	EndGlobalSection
	GlobalSection(ExtensibilityGlobals) = postSolution
		SolutionGuid = {9CC1066D-3E2B-40C7-A906-8F1C8486634B}
	EndGlobalSection
EndGlobal
